
Microsoft Visual Studio Solution File, Format Version 12.00
# Visual Studio Version 16
VisualStudioVersion = 16.0.30503.244
MinimumVisualStudioVersion = 10.0.40219.1
Project("{FAE04EC0-301F-11D3-BF4B-00C04F79EFBC}") = "Book4Book_MobileApp.Android", "Book4Book_MobileApp\Book4Book_MobileApp.Android\Book4Book_MobileApp.Android.csproj", "{C0BC9ED6-21D1-41D0-8EB2-716717AE76C6}"
EndProject
Project("{FAE04EC0-301F-11D3-BF4B-00C04F79EFBC}") = "Book4Book_MobileApp", "Book4Book_MobileApp\Book4Book_MobileApp\Book4Book_MobileApp.csproj", "{B6CC285A-D863-47FD-8B06-32C089CAF44D}"
EndProject
Global
	GlobalSection(SolutionConfigurationPlatforms) = preSolution
		Debug|Any CPU = Debug|Any CPU
		Release|Any CPU = Release|Any CPU
	EndGlobalSection
	GlobalSection(ProjectConfigurationPlatforms) = postSolution
		{C0BC9ED6-21D1-41D0-8EB2-716717AE76C6}.Debug|Any CPU.ActiveCfg = Debug|Any CPU
		{C0BC9ED6-21D1-41D0-8EB2-716717AE76C6}.Debug|Any CPU.Build.0 = Debug|Any CPU
		{C0BC9ED6-21D1-41D0-8EB2-716717AE76C6}.Debug|Any CPU.Deploy.0 = Debug|Any CPU
		{C0BC9ED6-21D1-41D0-8EB2-716717AE76C6}.Release|Any CPU.ActiveCfg = Release|Any CPU
		{C0BC9ED6-21D1-41D0-8EB2-716717AE76C6}.Release|Any CPU.Build.0 = Release|Any CPU
		{C0BC9ED6-21D1-41D0-8EB2-716717AE76C6}.Release|Any CPU.Deploy.0 = Release|Any CPU
		{B6CC285A-D863-47FD-8B06-32C089CAF44D}.Debug|Any CPU.ActiveCfg = Debug|Any CPU
		{B6CC285A-D863-47FD-8B06-32C089CAF44D}.Debug|Any CPU.Build.0 = Debug|Any CPU
		{B6CC285A-D863-47FD-8B06-32C089CAF44D}.Debug|Any CPU.Deploy.0 = Debug|Any CPU
		{B6CC285A-D863-47FD-8B06-32C089CAF44D}.Release|Any CPU.ActiveCfg = Release|Any CPU
		{B6CC285A-D863-47FD-8B06-32C089CAF44D}.Release|Any CPU.Build.0 = Release|Any CPU
		{B6CC285A-D863-47FD-8B06-32C089CAF44D}.Release|Any CPU.Deploy.0 = Release|Any CPU
	EndGlobalSection
	GlobalSection(SolutionProperties) = preSolution
		HideSolutionNode = FALSE
	EndGlobalSection
	GlobalSection(ExtensibilityGlobals) = postSolution
		SolutionGuid = {5A88DABA-7FC6-466E-BAE4-EBB8817DF9FE}
	EndGlobalSection
EndGlobal
